{
  "nodes": {
    "bash-env-json": {
      "inputs": {
        "flake-utils": "flake-utils",
        "nixpkgs": [
          "bash-env-nushell",
          "nixpkgs"
        ]
      },
      "locked": {
        "lastModified": 1735682486,
        "narHash": "sha256-IHfUIAkpaRyBmzT654bAzpTHUhcrtU643uxkPbveYOM=",
        "owner": "tesujimath",
        "repo": "bash-env-json",
        "rev": "36bb756f38282e33deeed8e27618ecde3503e032",
        "type": "github"
      },
      "original": {
        "owner": "tesujimath",
        "ref": "main",
        "repo": "bash-env-json",
        "type": "github"
      }
    },
    "bash-env-nushell": {
      "inputs": {
        "bash-env-json": "bash-env-json",
        "flake-utils": "flake-utils_2",
        "nixpkgs": [
          "nixpkgs"
        ]
      },
      "locked": {
        "lastModified": 1739453743,
        "narHash": "sha256-CqcDKfQSKA2MK204KrbR2/hF1DRuY/sE1bO8XOLj+Ww=",
        "owner": "tesujimath",
        "repo": "bash-env-nushell",
        "rev": "4699a7236934140af6b4b181a2f679a80ea16379",
        "type": "github"
      },
      "original": {
        "owner": "tesujimath",
        "ref": "main",
        "repo": "bash-env-nushell",
        "type": "github"
      }
    },
    "df-neovim": {
      "inputs": {
        "flake-utils": "flake-utils_3",
        "k8s-snippets": "k8s-snippets",
        "nixpkgs": [
          "nixpkgs"
        ],
        "nixvim": "nixvim"
      },
      "locked": {
        "lastModified": 1746711204,
        "narHash": "sha256-I7wGP6YnFaSUaQt3CnYpaD6OmjKwiXjAgfIc2V6mgAk=",
        "owner": "iamsolaara",
        "repo": "dotfilesNVIM",
        "rev": "d9c88da8095f33743a95621610a698d96477d19f",
        "type": "github"
      },
      "original": {
        "owner": "iamsolaara",
        "ref": "nixvim",
        "repo": "dotfilesNVIM",
        "type": "github"
      }
    },
    "df-wezterm": {
      "flake": false,
      "locked": {
        "lastModified": 1744207558,
        "narHash": "sha256-t0uTlBrvvpGelrX92miUZPR30yGm+lpKjO77sNEaUaU=",
        "owner": "iamsolaara",
        "repo": "dotfilesWEZTERM",
        "rev": "ec657350c6d9e20bd3cd5730ae002b072e48bd1e",
        "type": "github"
      },
      "original": {
        "owner": "iamsolaara",
        "repo": "dotfilesWEZTERM",
        "type": "github"
      }
    },
    "flake-parts": {
      "inputs": {
        "nixpkgs-lib": [
          "df-neovim",
          "nixvim",
          "nixpkgs"
        ]
      },
      "locked": {
        "lastModified": 1743550720,
        "narHash": "sha256-hIshGgKZCgWh6AYJpJmRgFdR3WUbkY04o82X05xqQiY=",
        "owner": "hercules-ci",
        "repo": "flake-parts",
        "rev": "c621e8422220273271f52058f618c94e405bb0f5",
        "type": "github"
      },
      "original": {
        "owner": "hercules-ci",
        "repo": "flake-parts",
        "type": "github"
      }
    },
    "flake-utils": {
      "inputs": {
        "systems": "systems"
      },
      "locked": {
        "lastModified": 1726560853,
        "narHash": "sha256-X6rJYSESBVr3hBoH0WbKE5KvhPU5bloyZ2L4K60/fPQ=",
        "owner": "numtide",
        "repo": "flake-utils",
        "rev": "c1dfcf08411b08f6b8615f7d8971a2bfa81d5e8a",
        "type": "github"
      },
      "original": {
        "owner": "numtide",
        "repo": "flake-utils",
        "type": "github"
      }
    },
    "flake-utils_2": {
      "inputs": {
        "systems": "systems_2"
      },
      "locked": {
        "lastModified": 1710146030,
        "narHash": "sha256-SZ5L6eA7HJ/nmkzGG7/ISclqe6oZdOZTNoesiInkXPQ=",
        "owner": "numtide",
        "repo": "flake-utils",
        "rev": "b1d9ab70662946ef0850d488da1c9019f3a9752a",
        "type": "github"
      },
      "original": {
        "owner": "numtide",
        "repo": "flake-utils",
        "type": "github"
      }
    },
    "flake-utils_3": {
      "inputs": {
        "systems": "systems_3"
      },
      "locked": {
        "lastModified": 1731533236,
        "narHash": "sha256-l0KFg5HjrsfsO/JpG+r7fRrqm12kzFHyUHqHCVpMMbI=",
        "owner": "numtide",
        "repo": "flake-utils",
        "rev": "11707dc2f618dd54ca8739b309ec4fc024de578b",
        "type": "github"
      },
      "original": {
        "owner": "numtide",
        "repo": "flake-utils",
        "type": "github"
      }
    },
    "flake-utils_4": {
      "inputs": {
        "systems": "systems_4"
      },
      "locked": {
        "lastModified": 1731533236,
        "narHash": "sha256-l0KFg5HjrsfsO/JpG+r7fRrqm12kzFHyUHqHCVpMMbI=",
        "owner": "numtide",
        "repo": "flake-utils",
        "rev": "11707dc2f618dd54ca8739b309ec4fc024de578b",
        "type": "github"
      },
      "original": {
        "owner": "numtide",
        "repo": "flake-utils",
        "type": "github"
      }
    },
    "flake-utils_5": {
      "inputs": {
        "systems": "systems_5"
      },
      "locked": {
        "lastModified": 1731533236,
        "narHash": "sha256-l0KFg5HjrsfsO/JpG+r7fRrqm12kzFHyUHqHCVpMMbI=",
        "owner": "numtide",
        "repo": "flake-utils",
        "rev": "11707dc2f618dd54ca8739b309ec4fc024de578b",
        "type": "github"
      },
      "original": {
        "owner": "numtide",
        "repo": "flake-utils",
        "type": "github"
      }
    },
    "flake-utils_6": {
      "inputs": {
        "systems": "systems_6"
      },
      "locked": {
        "lastModified": 1731533236,
        "narHash": "sha256-l0KFg5HjrsfsO/JpG+r7fRrqm12kzFHyUHqHCVpMMbI=",
        "owner": "numtide",
        "repo": "flake-utils",
        "rev": "11707dc2f618dd54ca8739b309ec4fc024de578b",
        "type": "github"
      },
      "original": {
        "owner": "numtide",
        "repo": "flake-utils",
        "type": "github"
      }
    },
    "flake-utils_7": {
      "inputs": {
        "systems": "systems_7"
      },
      "locked": {
        "lastModified": 1731533236,
        "narHash": "sha256-l0KFg5HjrsfsO/JpG+r7fRrqm12kzFHyUHqHCVpMMbI=",
        "owner": "numtide",
        "repo": "flake-utils",
        "rev": "11707dc2f618dd54ca8739b309ec4fc024de578b",
        "type": "github"
      },
      "original": {
        "owner": "numtide",
        "repo": "flake-utils",
        "type": "github"
      }
    },
    "home-manager": {
      "inputs": {
        "nixpkgs": [
          "nixpkgs"
        ]
      },
      "locked": {
        "lastModified": 1747793476,
        "narHash": "sha256-2qAOSixSrbb9l6MI+SI4zGineOzDcc2dgOOFK9Dx+IY=",
        "owner": "nix-community",
        "repo": "home-manager",
        "rev": "2468b2d35512d093aeb04972a1d8c20a0735793f",
        "type": "github"
      },
      "original": {
        "owner": "nix-community",
        "repo": "home-manager",
        "type": "github"
      }
    },
    "ixx": {
      "inputs": {
        "flake-utils": [
          "df-neovim",
          "nixvim",
          "nuschtosSearch",
          "flake-utils"
        ],
        "nixpkgs": [
          "df-neovim",
          "nixvim",
          "nuschtosSearch",
          "nixpkgs"
        ]
      },
      "locked": {
        "lastModified": 1737371634,
        "narHash": "sha256-fTVAWzT1UMm1lT+YxHuVPtH+DATrhYfea3B0MxG/cGw=",
        "owner": "NuschtOS",
        "repo": "ixx",
        "rev": "a1176e2a10ce745ff8f63e4af124ece8fe0b1648",
        "type": "github"
      },
      "original": {
        "owner": "NuschtOS",
        "ref": "v0.0.7",
        "repo": "ixx",
        "type": "github"
      }
    },
    "k8s-snippets": {
      "flake": false,
      "locked": {
        "lastModified": 1702443534,
        "narHash": "sha256-vVDKI9HR1QqJDHh10oZQ9Zr01gvJhj1iIEgwP+gssx8=",
        "owner": "budimanjojo",
        "repo": "k8s-snippets",
        "rev": "ba5ca9b1b12a3b1c3fb0237494380f4feff668c8",
        "type": "github"
      },
      "original": {
        "owner": "budimanjojo",
        "repo": "k8s-snippets",
        "type": "github"
      }
    },
    "krewfile": {
      "inputs": {
        "flake-utils": "flake-utils_6",
        "nixpkgs": [
          "nixpkgs"
        ]
      },
      "locked": {
        "lastModified": 1739869900,
        "narHash": "sha256-UPvzdmbQloXkQprO5EsWhsV7vg6+PyC60NNctduLznA=",
        "owner": "brumhard",
        "repo": "krewfile",
        "rev": "ba420832d80b673aff278972065b4fdb7d64a106",
        "type": "github"
      },
      "original": {
        "owner": "brumhard",
        "repo": "krewfile",
        "type": "github"
      }
    },
    "naersk": {
      "inputs": {
        "nixpkgs": "nixpkgs_3"
      },
      "locked": {
        "lastModified": 1742901344,
        "narHash": "sha256-o9dXcpfXpBm6+/SRqcQW0GzRkJymwyEAu5UD5LMDd3s=",
        "owner": "nix-community",
        "repo": "naersk",
        "rev": "a75c0584b0d69de943babc899530e9c70c642b42",
        "type": "github"
      },
      "original": {
        "owner": "nix-community",
        "repo": "naersk",
        "type": "github"
      }
    },
    "nix-std": {
      "locked": {
        "lastModified": 1710870712,
        "narHash": "sha256-e+7MJF2gsgTBuOWv4mCimSP0D9+naeFSw9a7N3yEmv4=",
        "owner": "chessai",
        "repo": "nix-std",
        "rev": "31bbc925750cc9d8f828fe55cee1a2bd985e0c00",
        "type": "github"
      },
      "original": {
        "owner": "chessai",
        "repo": "nix-std",
        "type": "github"
      }
    },
    "nixpkgs": {
      "locked": {
        "lastModified": 1746576598,
        "narHash": "sha256-FshoQvr6Aor5SnORVvh/ZdJ1Sa2U4ZrIMwKBX5k2wu0=",
        "owner": "NixOS",
        "repo": "nixpkgs",
        "rev": "b3582c75c7f21ce0b429898980eddbbf05c68e55",
        "type": "github"
      },
      "original": {
        "owner": "NixOS",
        "ref": "nixpkgs-unstable",
        "repo": "nixpkgs",
        "type": "github"
      }
    },
    "nixpkgs_2": {
      "locked": {
        "lastModified": 1747744144,
        "narHash": "sha256-W7lqHp0qZiENCDwUZ5EX/lNhxjMdNapFnbErcbnP11Q=",
        "owner": "nixos",
        "repo": "nixpkgs",
        "rev": "2795c506fe8fb7b03c36ccb51f75b6df0ab2553f",
        "type": "github"
      },
      "original": {
        "owner": "nixos",
        "ref": "nixos-unstable",
        "repo": "nixpkgs",
        "type": "github"
      }
    },
    "nixpkgs_3": {
      "locked": {
        "lastModified": 0,
        "narHash": "sha256-biPjLws6FiBVUUDHEMFq5pUQL84Wf7PntPYdo3oKkFw=",
        "path": "/nix/store/9pczav9p5fbrd6adnnx6zrl73jbn6a6j-source",
        "type": "path"
      },
      "original": {
        "id": "nixpkgs",
        "type": "indirect"
      }
    },
    "nixvim": {
      "inputs": {
        "flake-parts": "flake-parts",
        "nixpkgs": "nixpkgs",
        "nuschtosSearch": "nuschtosSearch"
      },
      "locked": {
        "lastModified": 1746650585,
        "narHash": "sha256-9WZtcSn1/UkYK4UNXkcLCnVR7aIVI83VweqVlCf06OA=",
        "owner": "nix-community",
        "repo": "nixvim",
        "rev": "6597afe2097ba07fdf515a541a2a02a7e06768cd",
        "type": "github"
      },
      "original": {
        "owner": "nix-community",
        "repo": "nixvim",
        "type": "github"
      }
    },
    "nuschtosSearch": {
      "inputs": {
        "flake-utils": "flake-utils_4",
        "ixx": "ixx",
        "nixpkgs": [
          "df-neovim",
          "nixvim",
          "nixpkgs"
        ]
      },
      "locked": {
        "lastModified": 1745046075,
        "narHash": "sha256-8v4y6k16Ra/fiecb4DxhsoOGtzLKgKlS+9/XJ9z0T2I=",
        "owner": "NuschtOS",
        "repo": "search",
        "rev": "066afe8643274470f4a294442aadd988356a478f",
        "type": "github"
      },
      "original": {
        "owner": "NuschtOS",
        "repo": "search",
        "type": "github"
      }
    },
    "root": {
      "inputs": {
        "bash-env-nushell": "bash-env-nushell",
        "df-neovim": "df-neovim",
        "df-wezterm": "df-wezterm",
        "flake-utils": "flake-utils_5",
        "home-manager": "home-manager",
        "krewfile": "krewfile",
        "nix-std": "nix-std",
        "nixpkgs": "nixpkgs_2",
        "so-logo-ascii-generator": "so-logo-ascii-generator"
      }
    },
    "so-logo-ascii-generator": {
      "inputs": {
        "flake-utils": "flake-utils_7",
        "naersk": "naersk",
        "nixpkgs": [
          "nixpkgs"
        ]
      },
      "locked": {
        "lastModified": 1743662251,
        "narHash": "sha256-q29tEcUSWVmRtQLa/KDTtlhgNvmLFYLj5q21qwdQQU0=",
        "owner": "solaaradotnet",
        "repo": "so-logo-ascii-generator",
        "rev": "a42cb4e47eeb82361a8c0f6955198105b1b449f0",
        "type": "github"
      },
      "original": {
        "owner": "solaaradotnet",
        "repo": "so-logo-ascii-generator",
        "type": "github"
      }
    },
    "systems": {
      "locked": {
        "lastModified": 1681028828,
        "narHash": "sha256-Vy1rq5AaRuLzOxct8nz4T6wlgyUR7zLU309k9mBC768=",
        "owner": "nix-systems",
        "repo": "default",
        "rev": "da67096a3b9bf56a91d16901293e51ba5b49a27e",
        "type": "github"
      },
      "original": {
        "owner": "nix-systems",
        "repo": "default",
        "type": "github"
      }
    },
    "systems_2": {
      "locked": {
        "lastModified": 1681028828,
        "narHash": "sha256-Vy1rq5AaRuLzOxct8nz4T6wlgyUR7zLU309k9mBC768=",
        "owner": "nix-systems",
        "repo": "default",
        "rev": "da67096a3b9bf56a91d16901293e51ba5b49a27e",
        "type": "github"
      },
      "original": {
        "owner": "nix-systems",
        "repo": "default",
        "type": "github"
      }
    },
    "systems_3": {
      "locked": {
        "lastModified": 1681028828,
        "narHash": "sha256-Vy1rq5AaRuLzOxct8nz4T6wlgyUR7zLU309k9mBC768=",
        "owner": "nix-systems",
        "repo": "default",
        "rev": "da67096a3b9bf56a91d16901293e51ba5b49a27e",
        "type": "github"
      },
      "original": {
        "owner": "nix-systems",
        "repo": "default",
        "type": "github"
      }
    },
    "systems_4": {
      "locked": {
        "lastModified": 1681028828,
        "narHash": "sha256-Vy1rq5AaRuLzOxct8nz4T6wlgyUR7zLU309k9mBC768=",
        "owner": "nix-systems",
        "repo": "default",
        "rev": "da67096a3b9bf56a91d16901293e51ba5b49a27e",
        "type": "github"
      },
      "original": {
        "owner": "nix-systems",
        "repo": "default",
        "type": "github"
      }
    },
    "systems_5": {
      "locked": {
        "lastModified": 1681028828,
        "narHash": "sha256-Vy1rq5AaRuLzOxct8nz4T6wlgyUR7zLU309k9mBC768=",
        "owner": "nix-systems",
        "repo": "default",
        "rev": "da67096a3b9bf56a91d16901293e51ba5b49a27e",
        "type": "github"
      },
      "original": {
        "owner": "nix-systems",
        "repo": "default",
        "type": "github"
      }
    },
    "systems_6": {
      "locked": {
        "lastModified": 1681028828,
        "narHash": "sha256-Vy1rq5AaRuLzOxct8nz4T6wlgyUR7zLU309k9mBC768=",
        "owner": "nix-systems",
        "repo": "default",
        "rev": "da67096a3b9bf56a91d16901293e51ba5b49a27e",
        "type": "github"
      },
      "original": {
        "owner": "nix-systems",
        "repo": "default",
        "type": "github"
      }
    },
    "systems_7": {
      "locked": {
        "lastModified": 1681028828,
        "narHash": "sha256-Vy1rq5AaRuLzOxct8nz4T6wlgyUR7zLU309k9mBC768=",
        "owner": "nix-systems",
        "repo": "default",
        "rev": "da67096a3b9bf56a91d16901293e51ba5b49a27e",
        "type": "github"
      },
      "original": {
        "owner": "nix-systems",
        "repo": "default",
        "type": "github"
      }
    }
  },
  "root": "root",
  "version": 7
}
